
Microsoft Visual Studio Solution File, Format Version 12.00
# Visual Studio 14
VisualStudioVersion = 14.0.24720.0
MinimumVisualStudioVersion = 10.0.40219.1
Project("{FAE04EC0-301F-11D3-BF4B-00C04F79EFBC}") = "HesapMakinesi", "HesapMakinesi\HesapMakinesi.csproj", "{D52417FA-D866-4EC1-B7D7-4D62282B3526}"
EndProject
Global
	GlobalSection(SolutionConfigurationPlatforms) = preSolution
		Debug|Any CPU = Debug|Any CPU
		Release|Any CPU = Release|Any CPU
	EndGlobalSection
	GlobalSection(ProjectConfigurationPlatforms) = postSolution
		{D52417FA-D866-4EC1-B7D7-4D62282B3526}.Debug|Any CPU.ActiveCfg = Debug|Any CPU
		{D52417FA-D866-4EC1-B7D7-4D62282B3526}.Debug|Any CPU.Build.0 = Debug|Any CPU
		{D52417FA-D866-4EC1-B7D7-4D62282B3526}.Release|Any CPU.ActiveCfg = Release|Any CPU
		{D52417FA-D866-4EC1-B7D7-4D62282B3526}.Release|Any CPU.Build.0 = Release|Any CPU
	EndGlobalSection
	GlobalSection(SolutionProperties) = preSolution
		HideSolutionNode = FALSE
	EndGlobalSection
EndGlobal
